
Microsoft Visual Studio Solution File, Format Version 12.00
# Visual Studio Version 17
VisualStudioVersion = 17.5.33424.131
MinimumVisualStudioVersion = 10.0.40219.1
Project("{9A19103F-16F7-4668-BE54-9A1E7A4F7556}") = "ConfigManager", "ConfigManager\ConfigManager.csproj", "{ECA7544B-45F5-4768-8AC7-5CF10BD4C570}"
EndProject
Project("{9A19103F-16F7-4668-BE54-9A1E7A4F7556}") = "ConfigManagerLib", "ConfigManagerLib\ConfigManagerLib.csproj", "{274ADB69-F14E-4759-8D35-55333ADBBE63}"
EndProject
Project("{FAE04EC0-301F-11D3-BF4B-00C04F79EFBC}") = "ConfigManagerLibTests", "ConfigManagerLibTests\ConfigManagerLibTests.csproj", "{9DE6C491-E1FD-4BCE-B412-A39C28A5F396}"
EndProject
Global
	GlobalSection(SolutionConfigurationPlatforms) = preSolution
		Debug|Any CPU = Debug|Any CPU
		Release|Any CPU = Release|Any CPU
	EndGlobalSection
	GlobalSection(ProjectConfigurationPlatforms) = postSolution
		{ECA7544B-45F5-4768-8AC7-5CF10BD4C570}.Debug|Any CPU.ActiveCfg = Debug|Any CPU
		{ECA7544B-45F5-4768-8AC7-5CF10BD4C570}.Debug|Any CPU.Build.0 = Debug|Any CPU
		{ECA7544B-45F5-4768-8AC7-5CF10BD4C570}.Release|Any CPU.ActiveCfg = Release|Any CPU
		{ECA7544B-45F5-4768-8AC7-5CF10BD4C570}.Release|Any CPU.Build.0 = Release|Any CPU
		{274ADB69-F14E-4759-8D35-55333ADBBE63}.Debug|Any CPU.ActiveCfg = Debug|Any CPU
		{274ADB69-F14E-4759-8D35-55333ADBBE63}.Debug|Any CPU.Build.0 = Debug|Any CPU
		{274ADB69-F14E-4759-8D35-55333ADBBE63}.Release|Any CPU.ActiveCfg = Release|Any CPU
		{274ADB69-F14E-4759-8D35-55333ADBBE63}.Release|Any CPU.Build.0 = Release|Any CPU
		{9DE6C491-E1FD-4BCE-B412-A39C28A5F396}.Debug|Any CPU.ActiveCfg = Debug|Any CPU
		{9DE6C491-E1FD-4BCE-B412-A39C28A5F396}.Debug|Any CPU.Build.0 = Debug|Any CPU
		{9DE6C491-E1FD-4BCE-B412-A39C28A5F396}.Release|Any CPU.ActiveCfg = Release|Any CPU
		{9DE6C491-E1FD-4BCE-B412-A39C28A5F396}.Release|Any CPU.Build.0 = Release|Any CPU
	EndGlobalSection
	GlobalSection(SolutionProperties) = preSolution
		HideSolutionNode = FALSE
	EndGlobalSection
	GlobalSection(ExtensibilityGlobals) = postSolution
		SolutionGuid = {AFF06F83-C2AC-4286-A8EF-F83611630C4E}
	EndGlobalSection
EndGlobal
